{
  "name": "@luigi-project/client-support-angular",
  "version": "1.23.1",
  "lockfileVersion": 1,
  "requires": true,
  "dependencies": {
    "@luigi-project/client": {
      "version": "1.23.1",
      "resolved": "https://registry.npmjs.org/@luigi-project/client/-/client-1.23.1.tgz",
      "integrity": "sha512-eO0lYFbh/ggXrh8It4cETVnd7i1PX9VDXNjDA6ZlGCs10ZP10M755rA7vS56F2GLDgN/13UpKgFOYTGzcyEGcQ==",
      "dev": true
    },
    "tslib": {
      "version": "2.0.3",
      "resolved": "https://registry.npmjs.org/tslib/-/tslib-2.0.3.tgz",
      "integrity": "sha512-uZtkfKblCEQtZKBF6EBXVZeQNl82yqtDQdv+eck8u7tdPxjLu2/lp5/uPW+um2tpuxINHWy3GhiccY7QgEaVHQ=="
    }
  }
}
