{
  "name": "luigi-mock-module-test-mf",
  "version": "0.1.0",
  "lockfileVersion": 1,
  "requires": true,
  "dependencies": {
    "@luigi-project/client": {
      "version": "1.24.0",
      "resolved": "https://registry.npmjs.org/@luigi-project/client/-/client-1.24.0.tgz",
      "integrity": "sha512-qCRTzcesqOfd31YCzPI0lK3OTJIVwjJ8L2SBklF2xLTpR+89CY+kDOir/Kl3S10V3+e0GOcJ0XH5rPDQzFm1fw=="
    },
    "@luigi-project/testing-utilities": {
      "version": "1.24.0",
      "resolved": "https://registry.npmjs.org/@luigi-project/testing-utilities/-/testing-utilities-1.24.0.tgz",
      "integrity": "sha512-eedHaxlYNGPANbvGNEQ9jSUrOy8lTkDxx2RUiRsr6Qgnk/pUtEWUo/dh7ZVa+6hgUn6xop53YG6bqqkVlxLtYA==",
      "requires": {
        "typescript": "^4.3.2"
      }
    },
    "exports-loader": {
      "version": "4.0.0",
      "resolved": "https://registry.npmjs.org/exports-loader/-/exports-loader-4.0.0.tgz",
      "integrity": "sha512-4iqFFIAnlVAbkAUMHhWceyxK6N6dMDWpQFbSHLmiayGEPMXl2bgWD4D11GYi1VNuEQwJaHGdATcPYTnXpwzSmw==",
      "dev": true,
      "requires": {
        "source-map": "^0.6.1"
      }
    },
    "fundamental-styles": {
      "version": "0.10.0",
      "resolved": "https://registry.npmjs.org/fundamental-styles/-/fundamental-styles-0.10.0.tgz",
      "integrity": "sha512-Y5kK1Y4wSgzJaW6rLVS6VXZGIPSmhjnPIFZ0R52KEsEKocR6BsWjWIY8XakeBs0VZaOFPwHEwSxacTXkIp2/jg=="
    },
    "source-map": {
      "version": "0.6.1",
      "resolved": "https://registry.npmjs.org/source-map/-/source-map-0.6.1.tgz",
      "integrity": "sha512-UjgapumWlbMhkBgzT7Ykc5YXUT46F0iKu8SGXq0bcwP5dz/h0Plj6enJqjz1Zbq2l5WaqYnrVbwWOWMyF3F47g==",
      "dev": true
    },
    "typescript": {
      "version": "4.7.4",
      "resolved": "https://registry.npmjs.org/typescript/-/typescript-4.7.4.tgz",
      "integrity": "sha512-C0WQT0gezHuw6AdY1M2jxUO83Rjf0HP7Sk1DtXj6j1EwkQNZrHAg2XPWlq62oqEhYvONq5pkC2Y9oPljWToLmQ=="
    }
  }
}
