{
  "name": "luigi-external-mf",
  "version": "0.1.0",
  "lockfileVersion": 1,
  "requires": true,
  "dependencies": {
    "@luigi-project/client": {
      "version": "1.24.0",
      "resolved": "https://registry.npmjs.org/@luigi-project/client/-/client-1.24.0.tgz",
      "integrity": "sha512-qCRTzcesqOfd31YCzPI0lK3OTJIVwjJ8L2SBklF2xLTpR+89CY+kDOir/Kl3S10V3+e0GOcJ0XH5rPDQzFm1fw=="
    },
    "@luigi-project/client-support-angular": {
      "version": "1.24.0",
      "resolved": "https://registry.npmjs.org/@luigi-project/client-support-angular/-/client-support-angular-1.24.0.tgz",
      "integrity": "sha512-q/9N0J40JcqzXGjS6aCkuy7sKp8Un2JnS/MRcaEpzcBY3ZNCqRh5sZX0dOziUCN/DSsoWM7J/OtCoPpT27OnMQ==",
      "requires": {
        "tslib": "^2.0.0"
      }
    },
    "@luigi-project/testing-utilities": {
      "version": "1.24.0",
      "resolved": "https://registry.npmjs.org/@luigi-project/testing-utilities/-/testing-utilities-1.24.0.tgz",
      "integrity": "sha512-eedHaxlYNGPANbvGNEQ9jSUrOy8lTkDxx2RUiRsr6Qgnk/pUtEWUo/dh7ZVa+6hgUn6xop53YG6bqqkVlxLtYA==",
      "requires": {
        "typescript": "^4.3.2"
      }
    },
    "fundamental-styles": {
      "version": "0.10.0",
      "resolved": "https://registry.npmjs.org/fundamental-styles/-/fundamental-styles-0.10.0.tgz",
      "integrity": "sha512-Y5kK1Y4wSgzJaW6rLVS6VXZGIPSmhjnPIFZ0R52KEsEKocR6BsWjWIY8XakeBs0VZaOFPwHEwSxacTXkIp2/jg=="
    },
    "tslib": {
      "version": "2.4.0",
      "resolved": "https://registry.npmjs.org/tslib/-/tslib-2.4.0.tgz",
      "integrity": "sha512-d6xOpEDfsi2CZVlPQzGeux8XMwLT9hssAsaPYExaQMuYskwb+x1x7J371tWlbBdWHroy99KnVB6qIkUbs5X3UQ=="
    },
    "typescript": {
      "version": "4.7.4",
      "resolved": "https://registry.npmjs.org/typescript/-/typescript-4.7.4.tgz",
      "integrity": "sha512-C0WQT0gezHuw6AdY1M2jxUO83Rjf0HP7Sk1DtXj6j1EwkQNZrHAg2XPWlq62oqEhYvONq5pkC2Y9oPljWToLmQ=="
    }
  }
}
