{
	"name": "luigi-external-mf",
	"version": "0.1.0",
	"lockfileVersion": 2,
	"requires": true,
	"packages": {
		"": {
			"name": "luigi-external-mf",
			"version": "0.1.0",
			"license": "MIT",
			"dependencies": {
				"fundamental-styles": "^0.17.0"
			}
		},
		"node_modules/fundamental-styles": {
			"version": "0.17.0",
			"resolved": "https://registry.npmjs.org/fundamental-styles/-/fundamental-styles-0.17.0.tgz",
			"integrity": "sha512-jY8Ymi1GAU5Rk/bqf/gFd0cSIvPd0A2la4zVAvp5rOFlzoNW3E0WSVhLFmF5JNUWvhunCLvrHJ7l3LNydCyDWg=="
		}
	},
	"dependencies": {
		"fundamental-styles": {
			"version": "0.17.0",
			"resolved": "https://registry.npmjs.org/fundamental-styles/-/fundamental-styles-0.17.0.tgz",
			"integrity": "sha512-jY8Ymi1GAU5Rk/bqf/gFd0cSIvPd0A2la4zVAvp5rOFlzoNW3E0WSVhLFmF5JNUWvhunCLvrHJ7l3LNydCyDWg=="
		}
	}
}
