{
	"name": "luigi-external-mf",
	"version": "0.1.0",
	"lockfileVersion": 2,
	"requires": true,
	"packages": {
		"": {
			"name": "luigi-external-mf",
			"version": "0.1.0",
			"license": "MIT",
			"dependencies": {
				"fundamental-styles": "^0.10.0"
			}
		},
		"node_modules/@sap-theming/theming-base-content": {
			"version": "11.1.41",
			"resolved": "https://registry.npmjs.org/@sap-theming/theming-base-content/-/theming-base-content-11.1.41.tgz",
			"integrity": "sha512-ffxq4uP7I/CowpXvXQxjNSBXEvMlZycoIZZyIbEoJmORYk+eUwMFTVf7DPriMDdsY/kSIEqse2xoPvHqdluPkg==",
			"peer": true
		},
		"node_modules/fundamental-styles": {
			"version": "0.10.0",
			"resolved": "https://registry.npmjs.org/fundamental-styles/-/fundamental-styles-0.10.0.tgz",
			"integrity": "sha512-Y5kK1Y4wSgzJaW6rLVS6VXZGIPSmhjnPIFZ0R52KEsEKocR6BsWjWIY8XakeBs0VZaOFPwHEwSxacTXkIp2/jg==",
			"peerDependencies": {
				"@sap-theming/theming-base-content": "~11.1.17"
			}
		}
	},
	"dependencies": {
		"@sap-theming/theming-base-content": {
			"version": "11.1.41",
			"resolved": "https://registry.npmjs.org/@sap-theming/theming-base-content/-/theming-base-content-11.1.41.tgz",
			"integrity": "sha512-ffxq4uP7I/CowpXvXQxjNSBXEvMlZycoIZZyIbEoJmORYk+eUwMFTVf7DPriMDdsY/kSIEqse2xoPvHqdluPkg==",
			"peer": true
		},
		"fundamental-styles": {
			"version": "0.10.0",
			"resolved": "https://registry.npmjs.org/fundamental-styles/-/fundamental-styles-0.10.0.tgz",
			"integrity": "sha512-Y5kK1Y4wSgzJaW6rLVS6VXZGIPSmhjnPIFZ0R52KEsEKocR6BsWjWIY8XakeBs0VZaOFPwHEwSxacTXkIp2/jg==",
			"requires": {}
		}
	}
}
