{
  "name": "luigi-external-mf",
  "version": "0.1.0",
  "lockfileVersion": 1,
  "requires": true,
  "dependencies": {
    "fundamental-styles": {
      "version": "0.10.0",
      "resolved": "https://registry.npmjs.org/fundamental-styles/-/fundamental-styles-0.10.0.tgz",
      "integrity": "sha512-Y5kK1Y4wSgzJaW6rLVS6VXZGIPSmhjnPIFZ0R52KEsEKocR6BsWjWIY8XakeBs0VZaOFPwHEwSxacTXkIp2/jg=="
    }
  }
}
